// !$*UTF8*$!
{
	archiveVersion = 1;
	classes = {
	};
	objectVersion = 46;
	objects = {

/* Begin PBXBuildFile section */
		C11D74491644C56E00898942 /* UIKit.framework in Frameworks */ = {isa = PBXBuildFile; fileRef = C11D74481644C56E00898942 /* UIKit.framework */; };
		C11D744B1644C56E00898942 /* Foundation.framework in Frameworks */ = {isa = PBXBuildFile; fileRef = C11D744A1644C56E00898942 /* Foundation.framework */; };
		C11D744D1644C56E00898942 /* CoreGraphics.framework in Frameworks */ = {isa = PBXBuildFile; fileRef = C11D744C1644C56E00898942 /* CoreGraphics.framework */; };
		C11D74531644C56E00898942 /* InfoPlist.strings in Resources */ = {isa = PBXBuildFile; fileRef = C11D74511644C56E00898942 /* InfoPlist.strings */; };
		C11D74551644C56E00898942 /* main.m in Sources */ = {isa = PBXBuildFile; fileRef = C11D74541644C56E00898942 /* main.m */; };
		C11D74591644C56E00898942 /* LLAppDelegate.m in Sources */ = {isa = PBXBuildFile; fileRef = C11D74581644C56E00898942 /* LLAppDelegate.m */; };
		C11D750B1644C5CD00898942 /* LLBomtomCompassMenu.m in Sources */ = {isa = PBXBuildFile; fileRef = C11D74DC1644C5CD00898942 /* LLBomtomCompassMenu.m */; };
		C11D750C1644C5CD00898942 /* TheViewButNotUsed.xib in Resources */ = {isa = PBXBuildFile; fileRef = C11D74DD1644C5CD00898942 /* TheViewButNotUsed.xib */; };
		C11D750D1644C5CD00898942 /* mcartoon.png in Resources */ = {isa = PBXBuildFile; fileRef = C11D74DF1644C5CD00898942 /* mcartoon.png */; };
		C11D750E1644C5CD00898942 /* mcartoon@2x.png in Resources */ = {isa = PBXBuildFile; fileRef = C11D74E01644C5CD00898942 /* mcartoon@2x.png */; };
		C11D750F1644C5CD00898942 /* mcartoonh.png in Resources */ = {isa = PBXBuildFile; fileRef = C11D74E11644C5CD00898942 /* mcartoonh.png */; };
		C11D75101644C5CD00898942 /* mcartoonh@2x.png in Resources */ = {isa = PBXBuildFile; fileRef = C11D74E21644C5CD00898942 /* mcartoonh@2x.png */; };
		C11D75111644C5CD00898942 /* menter.png in Resources */ = {isa = PBXBuildFile; fileRef = C11D74E31644C5CD00898942 /* menter.png */; };
		C11D75121644C5CD00898942 /* menter@2x.png in Resources */ = {isa = PBXBuildFile; fileRef = C11D74E41644C5CD00898942 /* menter@2x.png */; };
		C11D75131644C5CD00898942 /* menterh.png in Resources */ = {isa = PBXBuildFile; fileRef = C11D74E51644C5CD00898942 /* menterh.png */; };
		C11D75141644C5CD00898942 /* menterh@2x.png in Resources */ = {isa = PBXBuildFile; fileRef = C11D74E61644C5CD00898942 /* menterh@2x.png */; };
		C11D75151644C5CD00898942 /* menu_inner.png in Resources */ = {isa = PBXBuildFile; fileRef = C11D74E71644C5CD00898942 /* menu_inner.png */; };
		C11D75161644C5CD00898942 /* menu_inner@2x.png in Resources */ = {isa = PBXBuildFile; fileRef = C11D74E81644C5CD00898942 /* menu_inner@2x.png */; };
		C11D75171644C5CD00898942 /* menu_large.png in Resources */ = {isa = PBXBuildFile; fileRef = C11D74E91644C5CD00898942 /* menu_large.png */; };
		C11D75181644C5CD00898942 /* menu_large@2x.png in Resources */ = {isa = PBXBuildFile; fileRef = C11D74EA1644C5CD00898942 /* menu_large@2x.png */; };
		C11D75191644C5CD00898942 /* mhome.png in Resources */ = {isa = PBXBuildFile; fileRef = C11D74EB1644C5CD00898942 /* mhome.png */; };
		C11D751A1644C5CD00898942 /* mhome@2x.png in Resources */ = {isa = PBXBuildFile; fileRef = C11D74EC1644C5CD00898942 /* mhome@2x.png */; };
		C11D751B1644C5CD00898942 /* mhomel.png in Resources */ = {isa = PBXBuildFile; fileRef = C11D74ED1644C5CD00898942 /* mhomel.png */; };
		C11D751C1644C5CD00898942 /* mhomel@2x.png in Resources */ = {isa = PBXBuildFile; fileRef = C11D74EE1644C5CD00898942 /* mhomel@2x.png */; };
		C11D751D1644C5CD00898942 /* mmenu.png in Resources */ = {isa = PBXBuildFile; fileRef = C11D74EF1644C5CD00898942 /* mmenu.png */; };
		C11D751E1644C5CD00898942 /* mmenu@2x.png in Resources */ = {isa = PBXBuildFile; fileRef = C11D74F01644C5CD00898942 /* mmenu@2x.png */; };
		C11D751F1644C5CD00898942 /* mmenup.png in Resources */ = {isa = PBXBuildFile; fileRef = C11D74F11644C5CD00898942 /* mmenup.png */; };
		C11D75201644C5CD00898942 /* mmenup@2x.png in Resources */ = {isa = PBXBuildFile; fileRef = C11D74F21644C5CD00898942 /* mmenup@2x.png */; };
		C11D75211644C5CD00898942 /* mmovie.png in Resources */ = {isa = PBXBuildFile; fileRef = C11D74F31644C5CD00898942 /* mmovie.png */; };
		C11D75221644C5CD00898942 /* mmovie@2x.png in Resources */ = {isa = PBXBuildFile; fileRef = C11D74F41644C5CD00898942 /* mmovie@2x.png */; };
		C11D75231644C5CD00898942 /* mmovieh.png in Resources */ = {isa = PBXBuildFile; fileRef = C11D74F51644C5CD00898942 /* mmovieh.png */; };
		C11D75241644C5CD00898942 /* mmovieh@2x.png in Resources */ = {isa = PBXBuildFile; fileRef = C11D74F61644C5CD00898942 /* mmovieh@2x.png */; };
		C11D75251644C5CD00898942 /* mmusic.png in Resources */ = {isa = PBXBuildFile; fileRef = C11D74F71644C5CD00898942 /* mmusic.png */; };
		C11D75261644C5CD00898942 /* mmusic@2x.png in Resources */ = {isa = PBXBuildFile; fileRef = C11D74F81644C5CD00898942 /* mmusic@2x.png */; };
		C11D75271644C5CD00898942 /* mmusich.png in Resources */ = {isa = PBXBuildFile; fileRef = C11D74F91644C5CD00898942 /* mmusich.png */; };
		C11D75281644C5CD00898942 /* mmusich@2x.png in Resources */ = {isa = PBXBuildFile; fileRef = C11D74FA1644C5CD00898942 /* mmusich@2x.png */; };
		C11D75291644C5CD00898942 /* mmyi.png in Resources */ = {isa = PBXBuildFile; fileRef = C11D74FB1644C5CD00898942 /* mmyi.png */; };
		C11D752A1644C5CD00898942 /* mmyi@2x.png in Resources */ = {isa = PBXBuildFile; fileRef = C11D74FC1644C5CD00898942 /* mmyi@2x.png */; };
		C11D752B1644C5CD00898942 /* mrank.png in Resources */ = {isa = PBXBuildFile; fileRef = C11D74FD1644C5CD00898942 /* mrank.png */; };
		C11D752C1644C5CD00898942 /* mrank@2x.png in Resources */ = {isa = PBXBuildFile; fileRef = C11D74FE1644C5CD00898942 /* mrank@2x.png */; };
		C11D752D1644C5CD00898942 /* mrankh.png in Resources */ = {isa = PBXBuildFile; fileRef = C11D74FF1644C5CD00898942 /* mrankh.png */; };
		C11D752E1644C5CD00898942 /* mrankh@2x.png in Resources */ = {isa = PBXBuildFile; fileRef = C11D75001644C5CD00898942 /* mrankh@2x.png */; };
		C11D752F1644C5CD00898942 /* msearch.png in Resources */ = {isa = PBXBuildFile; fileRef = C11D75011644C5CD00898942 /* msearch.png */; };
		C11D75301644C5CD00898942 /* msearch@2x.png in Resources */ = {isa = PBXBuildFile; fileRef = C11D75021644C5CD00898942 /* msearch@2x.png */; };
		C11D75311644C5CD00898942 /* mserial.png in Resources */ = {isa = PBXBuildFile; fileRef = C11D75031644C5CD00898942 /* mserial.png */; };
		C11D75321644C5CD00898942 /* mserial@2x.png in Resources */ = {isa = PBXBuildFile; fileRef = C11D75041644C5CD00898942 /* mserial@2x.png */; };
		C11D75331644C5CD00898942 /* mserialh.png in Resources */ = {isa = PBXBuildFile; fileRef = C11D75051644C5CD00898942 /* mserialh.png */; };
		C11D75341644C5CD00898942 /* mserialh@2x.png in Resources */ = {isa = PBXBuildFile; fileRef = C11D75061644C5CD00898942 /* mserialh@2x.png */; };
		C11D75351644C5CD00898942 /* mvideo.png in Resources */ = {isa = PBXBuildFile; fileRef = C11D75071644C5CD00898942 /* mvideo.png */; };
		C11D75361644C5CD00898942 /* mvideo@2x.png in Resources */ = {isa = PBXBuildFile; fileRef = C11D75081644C5CD00898942 /* mvideo@2x.png */; };
		C11D75371644C5CD00898942 /* mvideoh.png in Resources */ = {isa = PBXBuildFile; fileRef = C11D75091644C5CD00898942 /* mvideoh.png */; };
		C11D75381644C5CD00898942 /* mvideoh@2x.png in Resources */ = {isa = PBXBuildFile; fileRef = C11D750A1644C5CD00898942 /* mvideoh@2x.png */; };
		C11D75401644C5D500898942 /* HHViewController.m in Sources */ = {isa = PBXBuildFile; fileRef = C11D753D1644C5D500898942 /* HHViewController.m */; };
		C11D75411644C5D500898942 /* HHViewController.xib in Resources */ = {isa = PBXBuildFile; fileRef = C11D753E1644C5D500898942 /* HHViewController.xib */; };
		C11D75431644C66A00898942 /* QuartzCore.framework in Frameworks */ = {isa = PBXBuildFile; fileRef = C11D75421644C66A00898942 /* QuartzCore.framework */; };
/* End PBXBuildFile section */

/* Begin PBXFileReference section */
		C11D74441644C56E00898942 /* LLBomtomCompassMenu.app */ = {isa = PBXFileReference; explicitFileType = wrapper.application; includeInIndex = 0; path = LLBomtomCompassMenu.app; sourceTree = BUILT_PRODUCTS_DIR; };
		C11D74481644C56E00898942 /* UIKit.framework */ = {isa = PBXFileReference; lastKnownFileType = wrapper.framework; name = UIKit.framework; path = System/Library/Frameworks/UIKit.framework; sourceTree = SDKROOT; };
		C11D744A1644C56E00898942 /* Foundation.framework */ = {isa = PBXFileReference; lastKnownFileType = wrapper.framework; name = Foundation.framework; path = System/Library/Frameworks/Foundation.framework; sourceTree = SDKROOT; };
		C11D744C1644C56E00898942 /* CoreGraphics.framework */ = {isa = PBXFileReference; lastKnownFileType = wrapper.framework; name = CoreGraphics.framework; path = System/Library/Frameworks/CoreGraphics.framework; sourceTree = SDKROOT; };
		C11D74501644C56E00898942 /* LLBomtomCompassMenu-Info.plist */ = {isa = PBXFileReference; lastKnownFileType = text.plist.xml; path = "LLBomtomCompassMenu-Info.plist"; sourceTree = "<group>"; };
		C11D74521644C56E00898942 /* en */ = {isa = PBXFileReference; lastKnownFileType = text.plist.strings; name = en; path = en.lproj/InfoPlist.strings; sourceTree = "<group>"; };
		C11D74541644C56E00898942 /* main.m */ = {isa = PBXFileReference; lastKnownFileType = sourcecode.c.objc; path = main.m; sourceTree = "<group>"; };
		C11D74561644C56E00898942 /* LLBomtomCompassMenu-Prefix.pch */ = {isa = PBXFileReference; lastKnownFileType = sourcecode.c.h; path = "LLBomtomCompassMenu-Prefix.pch"; sourceTree = "<group>"; };
		C11D74571644C56E00898942 /* LLAppDelegate.h */ = {isa = PBXFileReference; lastKnownFileType = sourcecode.c.h; path = LLAppDelegate.h; sourceTree = "<group>"; };
		C11D74581644C56E00898942 /* LLAppDelegate.m */ = {isa = PBXFileReference; lastKnownFileType = sourcecode.c.objc; path = LLAppDelegate.m; sourceTree = "<group>"; };
		C11D74DB1644C5CD00898942 /* LLBomtomCompassMenu.h */ = {isa = PBXFileReference; fileEncoding = 4; lastKnownFileType = sourcecode.c.h; path = LLBomtomCompassMenu.h; sourceTree = "<group>"; };
		C11D74DC1644C5CD00898942 /* LLBomtomCompassMenu.m */ = {isa = PBXFileReference; fileEncoding = 4; lastKnownFileType = sourcecode.c.objc; path = LLBomtomCompassMenu.m; sourceTree = "<group>"; };
		C11D74DD1644C5CD00898942 /* TheViewButNotUsed.xib */ = {isa = PBXFileReference; fileEncoding = 4; lastKnownFileType = file.xib; path = TheViewButNotUsed.xib; sourceTree = "<group>"; };
		C11D74DF1644C5CD00898942 /* mcartoon.png */ = {isa = PBXFileReference; lastKnownFileType = image.png; path = mcartoon.png; sourceTree = "<group>"; };
		C11D74E01644C5CD00898942 /* mcartoon@2x.png */ = {isa = PBXFileReference; lastKnownFileType = image.png; path = "mcartoon@2x.png"; sourceTree = "<group>"; };
		C11D74E11644C5CD00898942 /* mcartoonh.png */ = {isa = PBXFileReference; lastKnownFileType = image.png; path = mcartoonh.png; sourceTree = "<group>"; };
		C11D74E21644C5CD00898942 /* mcartoonh@2x.png */ = {isa = PBXFileReference; lastKnownFileType = image.png; path = "mcartoonh@2x.png"; sourceTree = "<group>"; };
		C11D74E31644C5CD00898942 /* menter.png */ = {isa = PBXFileReference; lastKnownFileType = image.png; path = menter.png; sourceTree = "<group>"; };
		C11D74E41644C5CD00898942 /* menter@2x.png */ = {isa = PBXFileReference; lastKnownFileType = image.png; path = "menter@2x.png"; sourceTree = "<group>"; };
		C11D74E51644C5CD00898942 /* menterh.png */ = {isa = PBXFileReference; lastKnownFileType = image.png; path = menterh.png; sourceTree = "<group>"; };
		C11D74E61644C5CD00898942 /* menterh@2x.png */ = {isa = PBXFileReference; lastKnownFileType = image.png; path = "menterh@2x.png"; sourceTree = "<group>"; };
		C11D74E71644C5CD00898942 /* menu_inner.png */ = {isa = PBXFileReference; lastKnownFileType = image.png; path = menu_inner.png; sourceTree = "<group>"; };
		C11D74E81644C5CD00898942 /* menu_inner@2x.png */ = {isa = PBXFileReference; lastKnownFileType = image.png; path = "menu_inner@2x.png"; sourceTree = "<group>"; };
		C11D74E91644C5CD00898942 /* menu_large.png */ = {isa = PBXFileReference; lastKnownFileType = image.png; path = menu_large.png; sourceTree = "<group>"; };
		C11D74EA1644C5CD00898942 /* menu_large@2x.png */ = {isa = PBXFileReference; lastKnownFileType = image.png; path = "menu_large@2x.png"; sourceTree = "<group>"; };
		C11D74EB1644C5CD00898942 /* mhome.png */ = {isa = PBXFileReference; lastKnownFileType = image.png; path = mhome.png; sourceTree = "<group>"; };
		C11D74EC1644C5CD00898942 /* mhome@2x.png */ = {isa = PBXFileReference; lastKnownFileType = image.png; path = "mhome@2x.png"; sourceTree = "<group>"; };
		C11D74ED1644C5CD00898942 /* mhomel.png */ = {isa = PBXFileReference; lastKnownFileType = image.png; path = mhomel.png; sourceTree = "<group>"; };
		C11D74EE1644C5CD00898942 /* mhomel@2x.png */ = {isa = PBXFileReference; lastKnownFileType = image.png; path = "mhomel@2x.png"; sourceTree = "<group>"; };
		C11D74EF1644C5CD00898942 /* mmenu.png */ = {isa = PBXFileReference; lastKnownFileType = image.png; path = mmenu.png; sourceTree = "<group>"; };
		C11D74F01644C5CD00898942 /* mmenu@2x.png */ = {isa = PBXFileReference; lastKnownFileType = image.png; path = "mmenu@2x.png"; sourceTree = "<group>"; };
		C11D74F11644C5CD00898942 /* mmenup.png */ = {isa = PBXFileReference; lastKnownFileType = image.png; path = mmenup.png; sourceTree = "<group>"; };
		C11D74F21644C5CD00898942 /* mmenup@2x.png */ = {isa = PBXFileReference; lastKnownFileType = image.png; path = "mmenup@2x.png"; sourceTree = "<group>"; };
		C11D74F31644C5CD00898942 /* mmovie.png */ = {isa = PBXFileReference; lastKnownFileType = image.png; path = mmovie.png; sourceTree = "<group>"; };
		C11D74F41644C5CD00898942 /* mmovie@2x.png */ = {isa = PBXFileReference; lastKnownFileType = image.png; path = "mmovie@2x.png"; sourceTree = "<group>"; };
		C11D74F51644C5CD00898942 /* mmovieh.png */ = {isa = PBXFileReference; lastKnownFileType = image.png; path = mmovieh.png; sourceTree = "<group>"; };
		C11D74F61644C5CD00898942 /* mmovieh@2x.png */ = {isa = PBXFileReference; lastKnownFileType = image.png; path = "mmovieh@2x.png"; sourceTree = "<group>"; };
		C11D74F71644C5CD00898942 /* mmusic.png */ = {isa = PBXFileReference; lastKnownFileType = image.png; path = mmusic.png; sourceTree = "<group>"; };
		C11D74F81644C5CD00898942 /* mmusic@2x.png */ = {isa = PBXFileReference; lastKnownFileType = image.png; path = "mmusic@2x.png"; sourceTree = "<group>"; };
		C11D74F91644C5CD00898942 /* mmusich.png */ = {isa = PBXFileReference; lastKnownFileType = image.png; path = mmusich.png; sourceTree = "<group>"; };
		C11D74FA1644C5CD00898942 /* mmusich@2x.png */ = {isa = PBXFileReference; lastKnownFileType = image.png; path = "mmusich@2x.png"; sourceTree = "<group>"; };
		C11D74FB1644C5CD00898942 /* mmyi.png */ = {isa = PBXFileReference; lastKnownFileType = image.png; path = mmyi.png; sourceTree = "<group>"; };
		C11D74FC1644C5CD00898942 /* mmyi@2x.png */ = {isa = PBXFileReference; lastKnownFileType = image.png; path = "mmyi@2x.png"; sourceTree = "<group>"; };
		C11D74FD1644C5CD00898942 /* mrank.png */ = {isa = PBXFileReference; lastKnownFileType = image.png; path = mrank.png; sourceTree = "<group>"; };
		C11D74FE1644C5CD00898942 /* mrank@2x.png */ = {isa = PBXFileReference; lastKnownFileType = image.png; path = "mrank@2x.png"; sourceTree = "<group>"; };
		C11D74FF1644C5CD00898942 /* mrankh.png */ = {isa = PBXFileReference; lastKnownFileType = image.png; path = mrankh.png; sourceTree = "<group>"; };
		C11D75001644C5CD00898942 /* mrankh@2x.png */ = {isa = PBXFileReference; lastKnownFileType = image.png; path = "mrankh@2x.png"; sourceTree = "<group>"; };
		C11D75011644C5CD00898942 /* msearch.png */ = {isa = PBXFileReference; lastKnownFileType = image.png; path = msearch.png; sourceTree = "<group>"; };
		C11D75021644C5CD00898942 /* msearch@2x.png */ = {isa = PBXFileReference; lastKnownFileType = image.png; path = "msearch@2x.png"; sourceTree = "<group>"; };
		C11D75031644C5CD00898942 /* mserial.png */ = {isa = PBXFileReference; lastKnownFileType = image.png; path = mserial.png; sourceTree = "<group>"; };
		C11D75041644C5CD00898942 /* mserial@2x.png */ = {isa = PBXFileReference; lastKnownFileType = image.png; path = "mserial@2x.png"; sourceTree = "<group>"; };
		C11D75051644C5CD00898942 /* mserialh.png */ = {isa = PBXFileReference; lastKnownFileType = image.png; path = mserialh.png; sourceTree = "<group>"; };
		C11D75061644C5CD00898942 /* mserialh@2x.png */ = {isa = PBXFileReference; lastKnownFileType = image.png; path = "mserialh@2x.png"; sourceTree = "<group>"; };
		C11D75071644C5CD00898942 /* mvideo.png */ = {isa = PBXFileReference; lastKnownFileType = image.png; path = mvideo.png; sourceTree = "<group>"; };
		C11D75081644C5CD00898942 /* mvideo@2x.png */ = {isa = PBXFileReference; lastKnownFileType = image.png; path = "mvideo@2x.png"; sourceTree = "<group>"; };
		C11D75091644C5CD00898942 /* mvideoh.png */ = {isa = PBXFileReference; lastKnownFileType = image.png; path = mvideoh.png; sourceTree = "<group>"; };
		C11D750A1644C5CD00898942 /* mvideoh@2x.png */ = {isa = PBXFileReference; lastKnownFileType = image.png; path = "mvideoh@2x.png"; sourceTree = "<group>"; };
		C11D753C1644C5D500898942 /* HHViewController.h */ = {isa = PBXFileReference; fileEncoding = 4; lastKnownFileType = sourcecode.c.h; path = HHViewController.h; sourceTree = "<group>"; };
		C11D753D1644C5D500898942 /* HHViewController.m */ = {isa = PBXFileReference; fileEncoding = 4; lastKnownFileType = sourcecode.c.objc; path = HHViewController.m; sourceTree = "<group>"; };
		C11D753E1644C5D500898942 /* HHViewController.xib */ = {isa = PBXFileReference; fileEncoding = 4; lastKnownFileType = file.xib; path = HHViewController.xib; sourceTree = "<group>"; };
		C11D75421644C66A00898942 /* QuartzCore.framework */ = {isa = PBXFileReference; lastKnownFileType = wrapper.framework; name = QuartzCore.framework; path = System/Library/Frameworks/QuartzCore.framework; sourceTree = SDKROOT; };
/* End PBXFileReference section */

/* Begin PBXFrameworksBuildPhase section */
		C11D74411644C56E00898942 /* Frameworks */ = {
			isa = PBXFrameworksBuildPhase;
			buildActionMask = 2147483647;
			files = (
				C11D75431644C66A00898942 /* QuartzCore.framework in Frameworks */,
				C11D74491644C56E00898942 /* UIKit.framework in Frameworks */,
				C11D744B1644C56E00898942 /* Foundation.framework in Frameworks */,
				C11D744D1644C56E00898942 /* CoreGraphics.framework in Frameworks */,
			);
			runOnlyForDeploymentPostprocessing = 0;
		};
/* End PBXFrameworksBuildPhase section */

/* Begin PBXGroup section */
		C11D74391644C56E00898942 = {
			isa = PBXGroup;
			children = (
				C11D744E1644C56E00898942 /* LLBomtomCompassMenu */,
				C11D74471644C56E00898942 /* Frameworks */,
				C11D74451644C56E00898942 /* Products */,
			);
			sourceTree = "<group>";
		};
		C11D74451644C56E00898942 /* Products */ = {
			isa = PBXGroup;
			children = (
				C11D74441644C56E00898942 /* LLBomtomCompassMenu.app */,
			);
			name = Products;
			sourceTree = "<group>";
		};
		C11D74471644C56E00898942 /* Frameworks */ = {
			isa = PBXGroup;
			children = (
				C11D75421644C66A00898942 /* QuartzCore.framework */,
				C11D74481644C56E00898942 /* UIKit.framework */,
				C11D744A1644C56E00898942 /* Foundation.framework */,
				C11D744C1644C56E00898942 /* CoreGraphics.framework */,
			);
			name = Frameworks;
			sourceTree = "<group>";
		};
		C11D744E1644C56E00898942 /* LLBomtomCompassMenu */ = {
			isa = PBXGroup;
			children = (
				C11D75391644C5D500898942 /* others */,
				C11D74DA1644C5CD00898942 /* Class */,
				C11D74DE1644C5CD00898942 /* Images */,
				C11D74571644C56E00898942 /* LLAppDelegate.h */,
				C11D74581644C56E00898942 /* LLAppDelegate.m */,
				C11D744F1644C56E00898942 /* Supporting Files */,
			);
			path = LLBomtomCompassMenu;
			sourceTree = "<group>";
		};
		C11D744F1644C56E00898942 /* Supporting Files */ = {
			isa = PBXGroup;
			children = (
				C11D74501644C56E00898942 /* LLBomtomCompassMenu-Info.plist */,
				C11D74511644C56E00898942 /* InfoPlist.strings */,
				C11D74541644C56E00898942 /* main.m */,
				C11D74561644C56E00898942 /* LLBomtomCompassMenu-Prefix.pch */,
			);
			name = "Supporting Files";
			sourceTree = "<group>";
		};
		C11D74DA1644C5CD00898942 /* Class */ = {
			isa = PBXGroup;
			children = (
				C11D74DB1644C5CD00898942 /* LLBomtomCompassMenu.h */,
				C11D74DC1644C5CD00898942 /* LLBomtomCompassMenu.m */,
				C11D74DD1644C5CD00898942 /* TheViewButNotUsed.xib */,
			);
			path = Class;
			sourceTree = SOURCE_ROOT;
		};
		C11D74DE1644C5CD00898942 /* Images */ = {
			isa = PBXGroup;
			children = (
				C11D74DF1644C5CD00898942 /* mcartoon.png */,
				C11D74E01644C5CD00898942 /* mcartoon@2x.png */,
				C11D74E11644C5CD00898942 /* mcartoonh.png */,
				C11D74E21644C5CD00898942 /* mcartoonh@2x.png */,
				C11D74E31644C5CD00898942 /* menter.png */,
				C11D74E41644C5CD00898942 /* menter@2x.png */,
				C11D74E51644C5CD00898942 /* menterh.png */,
				C11D74E61644C5CD00898942 /* menterh@2x.png */,
				C11D74E71644C5CD00898942 /* menu_inner.png */,
				C11D74E81644C5CD00898942 /* menu_inner@2x.png */,
				C11D74E91644C5CD00898942 /* menu_large.png */,
				C11D74EA1644C5CD00898942 /* menu_large@2x.png */,
				C11D74EB1644C5CD00898942 /* mhome.png */,
				C11D74EC1644C5CD00898942 /* mhome@2x.png */,
				C11D74ED1644C5CD00898942 /* mhomel.png */,
				C11D74EE1644C5CD00898942 /* mhomel@2x.png */,
				C11D74EF1644C5CD00898942 /* mmenu.png */,
				C11D74F01644C5CD00898942 /* mmenu@2x.png */,
				C11D74F11644C5CD00898942 /* mmenup.png */,
				C11D74F21644C5CD00898942 /* mmenup@2x.png */,
				C11D74F31644C5CD00898942 /* mmovie.png */,
				C11D74F41644C5CD00898942 /* mmovie@2x.png */,
				C11D74F51644C5CD00898942 /* mmovieh.png */,
				C11D74F61644C5CD00898942 /* mmovieh@2x.png */,
				C11D74F71644C5CD00898942 /* mmusic.png */,
				C11D74F81644C5CD00898942 /* mmusic@2x.png */,
				C11D74F91644C5CD00898942 /* mmusich.png */,
				C11D74FA1644C5CD00898942 /* mmusich@2x.png */,
				C11D74FB1644C5CD00898942 /* mmyi.png */,
				C11D74FC1644C5CD00898942 /* mmyi@2x.png */,
				C11D74FD1644C5CD00898942 /* mrank.png */,
				C11D74FE1644C5CD00898942 /* mrank@2x.png */,
				C11D74FF1644C5CD00898942 /* mrankh.png */,
				C11D75001644C5CD00898942 /* mrankh@2x.png */,
				C11D75011644C5CD00898942 /* msearch.png */,
				C11D75021644C5CD00898942 /* msearch@2x.png */,
				C11D75031644C5CD00898942 /* mserial.png */,
				C11D75041644C5CD00898942 /* mserial@2x.png */,
				C11D75051644C5CD00898942 /* mserialh.png */,
				C11D75061644C5CD00898942 /* mserialh@2x.png */,
				C11D75071644C5CD00898942 /* mvideo.png */,
				C11D75081644C5CD00898942 /* mvideo@2x.png */,
				C11D75091644C5CD00898942 /* mvideoh.png */,
				C11D750A1644C5CD00898942 /* mvideoh@2x.png */,
			);
			path = Images;
			sourceTree = SOURCE_ROOT;
		};
		C11D75391644C5D500898942 /* others */ = {
			isa = PBXGroup;
			children = (
				C11D753C1644C5D500898942 /* HHViewController.h */,
				C11D753D1644C5D500898942 /* HHViewController.m */,
				C11D753E1644C5D500898942 /* HHViewController.xib */,
			);
			name = others;
			path = ../others;
			sourceTree = "<group>";
		};
/* End PBXGroup section */

/* Begin PBXNativeTarget section */
		C11D74431644C56E00898942 /* LLBomtomCompassMenu */ = {
			isa = PBXNativeTarget;
			buildConfigurationList = C11D745C1644C56E00898942 /* Build configuration list for PBXNativeTarget "LLBomtomCompassMenu" */;
			buildPhases = (
				C11D74401644C56E00898942 /* Sources */,
				C11D74411644C56E00898942 /* Frameworks */,
				C11D74421644C56E00898942 /* Resources */,
			);
			buildRules = (
			);
			dependencies = (
			);
			name = LLBomtomCompassMenu;
			productName = LLBomtomCompassMenu;
			productReference = C11D74441644C56E00898942 /* LLBomtomCompassMenu.app */;
			productType = "com.apple.product-type.application";
		};
/* End PBXNativeTarget section */

/* Begin PBXProject section */
		C11D743B1644C56E00898942 /* Project object */ = {
			isa = PBXProject;
			attributes = {
				CLASSPREFIX = LL;
				LastUpgradeCheck = 0430;
				ORGANIZATIONNAME = GUET/Wondershare;
			};
			buildConfigurationList = C11D743E1644C56E00898942 /* Build configuration list for PBXProject "LLBomtomCompassMenu" */;
			compatibilityVersion = "Xcode 3.2";
			developmentRegion = English;
			hasScannedForEncodings = 0;
			knownRegions = (
				en,
			);
			mainGroup = C11D74391644C56E00898942;
			productRefGroup = C11D74451644C56E00898942 /* Products */;
			projectDirPath = "";
			projectRoot = "";
			targets = (
				C11D74431644C56E00898942 /* LLBomtomCompassMenu */,
			);
		};
/* End PBXProject section */

/* Begin PBXResourcesBuildPhase section */
		C11D74421644C56E00898942 /* Resources */ = {
			isa = PBXResourcesBuildPhase;
			buildActionMask = 2147483647;
			files = (
				C11D74531644C56E00898942 /* InfoPlist.strings in Resources */,
				C11D750C1644C5CD00898942 /* TheViewButNotUsed.xib in Resources */,
				C11D750D1644C5CD00898942 /* mcartoon.png in Resources */,
				C11D750E1644C5CD00898942 /* mcartoon@2x.png in Resources */,
				C11D750F1644C5CD00898942 /* mcartoonh.png in Resources */,
				C11D75101644C5CD00898942 /* mcartoonh@2x.png in Resources */,
				C11D75111644C5CD00898942 /* menter.png in Resources */,
				C11D75121644C5CD00898942 /* menter@2x.png in Resources */,
				C11D75131644C5CD00898942 /* menterh.png in Resources */,
				C11D75141644C5CD00898942 /* menterh@2x.png in Resources */,
				C11D75151644C5CD00898942 /* menu_inner.png in Resources */,
				C11D75161644C5CD00898942 /* menu_inner@2x.png in Resources */,
				C11D75171644C5CD00898942 /* menu_large.png in Resources */,
				C11D75181644C5CD00898942 /* menu_large@2x.png in Resources */,
				C11D75191644C5CD00898942 /* mhome.png in Resources */,
				C11D751A1644C5CD00898942 /* mhome@2x.png in Resources */,
				C11D751B1644C5CD00898942 /* mhomel.png in Resources */,
				C11D751C1644C5CD00898942 /* mhomel@2x.png in Resources */,
				C11D751D1644C5CD00898942 /* mmenu.png in Resources */,
				C11D751E1644C5CD00898942 /* mmenu@2x.png in Resources */,
				C11D751F1644C5CD00898942 /* mmenup.png in Resources */,
				C11D75201644C5CD00898942 /* mmenup@2x.png in Resources */,
				C11D75211644C5CD00898942 /* mmovie.png in Resources */,
				C11D75221644C5CD00898942 /* mmovie@2x.png in Resources */,
				C11D75231644C5CD00898942 /* mmovieh.png in Resources */,
				C11D75241644C5CD00898942 /* mmovieh@2x.png in Resources */,
				C11D75251644C5CD00898942 /* mmusic.png in Resources */,
				C11D75261644C5CD00898942 /* mmusic@2x.png in Resources */,
				C11D75271644C5CD00898942 /* mmusich.png in Resources */,
				C11D75281644C5CD00898942 /* mmusich@2x.png in Resources */,
				C11D75291644C5CD00898942 /* mmyi.png in Resources */,
				C11D752A1644C5CD00898942 /* mmyi@2x.png in Resources */,
				C11D752B1644C5CD00898942 /* mrank.png in Resources */,
				C11D752C1644C5CD00898942 /* mrank@2x.png in Resources */,
				C11D752D1644C5CD00898942 /* mrankh.png in Resources */,
				C11D752E1644C5CD00898942 /* mrankh@2x.png in Resources */,
				C11D752F1644C5CD00898942 /* msearch.png in Resources */,
				C11D75301644C5CD00898942 /* msearch@2x.png in Resources */,
				C11D75311644C5CD00898942 /* mserial.png in Resources */,
				C11D75321644C5CD00898942 /* mserial@2x.png in Resources */,
				C11D75331644C5CD00898942 /* mserialh.png in Resources */,
				C11D75341644C5CD00898942 /* mserialh@2x.png in Resources */,
				C11D75351644C5CD00898942 /* mvideo.png in Resources */,
				C11D75361644C5CD00898942 /* mvideo@2x.png in Resources */,
				C11D75371644C5CD00898942 /* mvideoh.png in Resources */,
				C11D75381644C5CD00898942 /* mvideoh@2x.png in Resources */,
				C11D75411644C5D500898942 /* HHViewController.xib in Resources */,
			);
			runOnlyForDeploymentPostprocessing = 0;
		};
/* End PBXResourcesBuildPhase section */

/* Begin PBXSourcesBuildPhase section */
		C11D74401644C56E00898942 /* Sources */ = {
			isa = PBXSourcesBuildPhase;
			buildActionMask = 2147483647;
			files = (
				C11D74551644C56E00898942 /* main.m in Sources */,
				C11D74591644C56E00898942 /* LLAppDelegate.m in Sources */,
				C11D750B1644C5CD00898942 /* LLBomtomCompassMenu.m in Sources */,
				C11D75401644C5D500898942 /* HHViewController.m in Sources */,
			);
			runOnlyForDeploymentPostprocessing = 0;
		};
/* End PBXSourcesBuildPhase section */

/* Begin PBXVariantGroup section */
		C11D74511644C56E00898942 /* InfoPlist.strings */ = {
			isa = PBXVariantGroup;
			children = (
				C11D74521644C56E00898942 /* en */,
			);
			name = InfoPlist.strings;
			sourceTree = "<group>";
		};
/* End PBXVariantGroup section */

/* Begin XCBuildConfiguration section */
		C11D745A1644C56E00898942 /* Debug */ = {
			isa = XCBuildConfiguration;
			buildSettings = {
				ALWAYS_SEARCH_USER_PATHS = NO;
				ARCHS = "$(ARCHS_STANDARD_32_BIT)";
				"CODE_SIGN_IDENTITY[sdk=iphoneos*]" = "iPhone Developer";
				COPY_PHASE_STRIP = NO;
				GCC_C_LANGUAGE_STANDARD = gnu99;
				GCC_DYNAMIC_NO_PIC = NO;
				GCC_OPTIMIZATION_LEVEL = 0;
				GCC_PREPROCESSOR_DEFINITIONS = (
					"DEBUG=1",
					"$(inherited)",
				);
				GCC_SYMBOLS_PRIVATE_EXTERN = NO;
				GCC_VERSION = com.apple.compilers.llvm.clang.1_0;
				GCC_WARN_ABOUT_RETURN_TYPE = YES;
				GCC_WARN_UNINITIALIZED_AUTOS = YES;
				GCC_WARN_UNUSED_VARIABLE = YES;
				IPHONEOS_DEPLOYMENT_TARGET = 5.1;
				SDKROOT = iphoneos;
			};
			name = Debug;
		};
		C11D745B1644C56E00898942 /* Release */ = {
			isa = XCBuildConfiguration;
			buildSettings = {
				ALWAYS_SEARCH_USER_PATHS = NO;
				ARCHS = "$(ARCHS_STANDARD_32_BIT)";
				"CODE_SIGN_IDENTITY[sdk=iphoneos*]" = "iPhone Developer";
				COPY_PHASE_STRIP = YES;
				GCC_C_LANGUAGE_STANDARD = gnu99;
				GCC_VERSION = com.apple.compilers.llvm.clang.1_0;
				GCC_WARN_ABOUT_RETURN_TYPE = YES;
				GCC_WARN_UNINITIALIZED_AUTOS = YES;
				GCC_WARN_UNUSED_VARIABLE = YES;
				IPHONEOS_DEPLOYMENT_TARGET = 5.1;
				OTHER_CFLAGS = "-DNS_BLOCK_ASSERTIONS=1";
				SDKROOT = iphoneos;
				VALIDATE_PRODUCT = YES;
			};
			name = Release;
		};
		C11D745D1644C56E00898942 /* Debug */ = {
			isa = XCBuildConfiguration;
			buildSettings = {
				GCC_PRECOMPILE_PREFIX_HEADER = YES;
				GCC_PREFIX_HEADER = "LLBomtomCompassMenu/LLBomtomCompassMenu-Prefix.pch";
				INFOPLIST_FILE = "LLBomtomCompassMenu/LLBomtomCompassMenu-Info.plist";
				PRODUCT_NAME = "$(TARGET_NAME)";
				WRAPPER_EXTENSION = app;
			};
			name = Debug;
		};
		C11D745E1644C56E00898942 /* Release */ = {
			isa = XCBuildConfiguration;
			buildSettings = {
				GCC_PRECOMPILE_PREFIX_HEADER = YES;
				GCC_PREFIX_HEADER = "LLBomtomCompassMenu/LLBomtomCompassMenu-Prefix.pch";
				INFOPLIST_FILE = "LLBomtomCompassMenu/LLBomtomCompassMenu-Info.plist";
				PRODUCT_NAME = "$(TARGET_NAME)";
				WRAPPER_EXTENSION = app;
			};
			name = Release;
		};
/* End XCBuildConfiguration section */

/* Begin XCConfigurationList section */
		C11D743E1644C56E00898942 /* Build configuration list for PBXProject "LLBomtomCompassMenu" */ = {
			isa = XCConfigurationList;
			buildConfigurations = (
				C11D745A1644C56E00898942 /* Debug */,
				C11D745B1644C56E00898942 /* Release */,
			);
			defaultConfigurationIsVisible = 0;
			defaultConfigurationName = Release;
		};
		C11D745C1644C56E00898942 /* Build configuration list for PBXNativeTarget "LLBomtomCompassMenu" */ = {
			isa = XCConfigurationList;
			buildConfigurations = (
				C11D745D1644C56E00898942 /* Debug */,
				C11D745E1644C56E00898942 /* Release */,
			);
			defaultConfigurationIsVisible = 0;
			defaultConfigurationName = Release;
		};
/* End XCConfigurationList section */
	};
	rootObject = C11D743B1644C56E00898942 /* Project object */;
}
